
Microsoft Visual Studio Solution File, Format Version 12.00
# Visual Studio Version 17
VisualStudioVersion = 17.10.35004.147
MinimumVisualStudioVersion = 10.0.40219.1
Project("{9A19103F-16F7-4668-BE54-9A1E7A4F7556}") = "Herencia", "Herencia\Herencia.csproj", "{403EF10D-65F2-405A-9765-90CF10E1DD4C}"
EndProject
Project("{9A19103F-16F7-4668-BE54-9A1E7A4F7556}") = "ClaseInterface", "ClaseInterface\ClaseInterface.csproj", "{9CD7538B-9F31-4A0A-9B10-EC4B93FBC703}"
EndProject
Project("{9A19103F-16F7-4668-BE54-9A1E7A4F7556}") = "Abstraccion", "Abstraccion\Abstraccion.csproj", "{7C4942DE-E175-45E8-B4DC-866578682559}"
EndProject
Project("{9A19103F-16F7-4668-BE54-9A1E7A4F7556}") = "Polimorfismo", "Polimorfismo\Polimorfismo.csproj", "{3FF3E685-42D3-45B2-A48E-493DD4B65E22}"
EndProject
Project("{9A19103F-16F7-4668-BE54-9A1E7A4F7556}") = "Encapsulamiento", "Encapsulamiento\Encapsulamiento.csproj", "{794F064F-7FA0-4B29-B3CE-7AA2FB7B2976}"
EndProject
Global
	GlobalSection(SolutionConfigurationPlatforms) = preSolution
		Debug|Any CPU = Debug|Any CPU
		Release|Any CPU = Release|Any CPU
	EndGlobalSection
	GlobalSection(ProjectConfigurationPlatforms) = postSolution
		{403EF10D-65F2-405A-9765-90CF10E1DD4C}.Debug|Any CPU.ActiveCfg = Debug|Any CPU
		{403EF10D-65F2-405A-9765-90CF10E1DD4C}.Debug|Any CPU.Build.0 = Debug|Any CPU
		{403EF10D-65F2-405A-9765-90CF10E1DD4C}.Release|Any CPU.ActiveCfg = Release|Any CPU
		{403EF10D-65F2-405A-9765-90CF10E1DD4C}.Release|Any CPU.Build.0 = Release|Any CPU
		{9CD7538B-9F31-4A0A-9B10-EC4B93FBC703}.Debug|Any CPU.ActiveCfg = Debug|Any CPU
		{9CD7538B-9F31-4A0A-9B10-EC4B93FBC703}.Debug|Any CPU.Build.0 = Debug|Any CPU
		{9CD7538B-9F31-4A0A-9B10-EC4B93FBC703}.Release|Any CPU.ActiveCfg = Release|Any CPU
		{9CD7538B-9F31-4A0A-9B10-EC4B93FBC703}.Release|Any CPU.Build.0 = Release|Any CPU
		{7C4942DE-E175-45E8-B4DC-866578682559}.Debug|Any CPU.ActiveCfg = Debug|Any CPU
		{7C4942DE-E175-45E8-B4DC-866578682559}.Debug|Any CPU.Build.0 = Debug|Any CPU
		{7C4942DE-E175-45E8-B4DC-866578682559}.Release|Any CPU.ActiveCfg = Release|Any CPU
		{7C4942DE-E175-45E8-B4DC-866578682559}.Release|Any CPU.Build.0 = Release|Any CPU
		{3FF3E685-42D3-45B2-A48E-493DD4B65E22}.Debug|Any CPU.ActiveCfg = Debug|Any CPU
		{3FF3E685-42D3-45B2-A48E-493DD4B65E22}.Debug|Any CPU.Build.0 = Debug|Any CPU
		{3FF3E685-42D3-45B2-A48E-493DD4B65E22}.Release|Any CPU.ActiveCfg = Release|Any CPU
		{3FF3E685-42D3-45B2-A48E-493DD4B65E22}.Release|Any CPU.Build.0 = Release|Any CPU
		{794F064F-7FA0-4B29-B3CE-7AA2FB7B2976}.Debug|Any CPU.ActiveCfg = Debug|Any CPU
		{794F064F-7FA0-4B29-B3CE-7AA2FB7B2976}.Debug|Any CPU.Build.0 = Debug|Any CPU
		{794F064F-7FA0-4B29-B3CE-7AA2FB7B2976}.Release|Any CPU.ActiveCfg = Release|Any CPU
		{794F064F-7FA0-4B29-B3CE-7AA2FB7B2976}.Release|Any CPU.Build.0 = Release|Any CPU
	EndGlobalSection
	GlobalSection(SolutionProperties) = preSolution
		HideSolutionNode = FALSE
	EndGlobalSection
	GlobalSection(ExtensibilityGlobals) = postSolution
		SolutionGuid = {392031F2-AD8C-4529-81AB-88B2AEB34E3D}
	EndGlobalSection
EndGlobal
